
Microsoft Visual Studio Solution File, Format Version 12.00
# Visual Studio Version 16
VisualStudioVersion = 16.0.31424.327
MinimumVisualStudioVersion = 10.0.40219.1
Project("{FAE04EC0-301F-11D3-BF4B-00C04F79EFBC}") = "IV_SHIFRATOR_MAIN", "IV_SHIFRATOR_MAIN.csproj", "{76C022B4-15AB-4253-8942-72D0557981FC}"
EndProject
Project("{FAE04EC0-301F-11D3-BF4B-00C04F79EFBC}") = "IV_Console", "..\IV_Console\IV_Console.csproj", "{0BB91B66-0E5B-4D69-979B-9810D653825D}"
EndProject
Global
	GlobalSection(SolutionConfigurationPlatforms) = preSolution
		Debug|Any CPU = Debug|Any CPU
		Release|Any CPU = Release|Any CPU
	EndGlobalSection
	GlobalSection(ProjectConfigurationPlatforms) = postSolution
		{76C022B4-15AB-4253-8942-72D0557981FC}.Debug|Any CPU.ActiveCfg = Debug|Any CPU
		{76C022B4-15AB-4253-8942-72D0557981FC}.Debug|Any CPU.Build.0 = Debug|Any CPU
		{76C022B4-15AB-4253-8942-72D0557981FC}.Release|Any CPU.ActiveCfg = Release|Any CPU
		{76C022B4-15AB-4253-8942-72D0557981FC}.Release|Any CPU.Build.0 = Release|Any CPU
		{0BB91B66-0E5B-4D69-979B-9810D653825D}.Debug|Any CPU.ActiveCfg = Debug|Any CPU
		{0BB91B66-0E5B-4D69-979B-9810D653825D}.Debug|Any CPU.Build.0 = Debug|Any CPU
		{0BB91B66-0E5B-4D69-979B-9810D653825D}.Release|Any CPU.ActiveCfg = Release|Any CPU
		{0BB91B66-0E5B-4D69-979B-9810D653825D}.Release|Any CPU.Build.0 = Release|Any CPU
	EndGlobalSection
	GlobalSection(SolutionProperties) = preSolution
		HideSolutionNode = FALSE
	EndGlobalSection
	GlobalSection(ExtensibilityGlobals) = postSolution
		SolutionGuid = {AFB1374C-653C-4A80-998B-284E7535B22D}
	EndGlobalSection
EndGlobal
